
Microsoft Visual Studio Solution File, Format Version 12.00
# Visual Studio Version 16
VisualStudioVersion = 16.0.31829.152
MinimumVisualStudioVersion = 10.0.40219.1
Project("{FAE04EC0-301F-11D3-BF4B-00C04F79EFBC}") = "Nof", "Nof\Nof.csproj", "{71CA2774-57E5-49D7-AE86-2DC289B8C312}"
EndProject
Global
	GlobalSection(SolutionConfigurationPlatforms) = preSolution
		Debug|Any CPU = Debug|Any CPU
		Release|Any CPU = Release|Any CPU
	EndGlobalSection
	GlobalSection(ProjectConfigurationPlatforms) = postSolution
		{71CA2774-57E5-49D7-AE86-2DC289B8C312}.Debug|Any CPU.ActiveCfg = Debug|Any CPU
		{71CA2774-57E5-49D7-AE86-2DC289B8C312}.Debug|Any CPU.Build.0 = Debug|Any CPU
		{71CA2774-57E5-49D7-AE86-2DC289B8C312}.Release|Any CPU.ActiveCfg = Release|Any CPU
		{71CA2774-57E5-49D7-AE86-2DC289B8C312}.Release|Any CPU.Build.0 = Release|Any CPU
	EndGlobalSection
	GlobalSection(SolutionProperties) = preSolution
		HideSolutionNode = FALSE
	EndGlobalSection
	GlobalSection(ExtensibilityGlobals) = postSolution
		SolutionGuid = {7923FC40-42F4-4D08-9E2D-1887619A1E42}
	EndGlobalSection
EndGlobal
